
Microsoft Visual Studio Solution File, Format Version 12.00
# Visual Studio Version 17
VisualStudioVersion = 17.4.33122.133
MinimumVisualStudioVersion = 10.0.40219.1
Project("{FAE04EC0-301F-11D3-BF4B-00C04F79EFBC}") = "LogsFilter", "LogsFilter\LogsFilter.csproj", "{97391C4C-5ACD-4B1B-B9EE-228BC9B473BF}"
EndProject
Global
	GlobalSection(SolutionConfigurationPlatforms) = preSolution
		Debug|Any CPU = Debug|Any CPU
		Release|Any CPU = Release|Any CPU
	EndGlobalSection
	GlobalSection(ProjectConfigurationPlatforms) = postSolution
		{97391C4C-5ACD-4B1B-B9EE-228BC9B473BF}.Debug|Any CPU.ActiveCfg = Debug|Any CPU
		{97391C4C-5ACD-4B1B-B9EE-228BC9B473BF}.Debug|Any CPU.Build.0 = Debug|Any CPU
		{97391C4C-5ACD-4B1B-B9EE-228BC9B473BF}.Release|Any CPU.ActiveCfg = Release|Any CPU
		{97391C4C-5ACD-4B1B-B9EE-228BC9B473BF}.Release|Any CPU.Build.0 = Release|Any CPU
	EndGlobalSection
	GlobalSection(SolutionProperties) = preSolution
		HideSolutionNode = FALSE
	EndGlobalSection
	GlobalSection(ExtensibilityGlobals) = postSolution
		SolutionGuid = {3CF193C7-9E04-4FE1-B1D6-0A97D1202F79}
	EndGlobalSection
EndGlobal
